
Microsoft Visual Studio Solution File, Format Version 12.00
# Visual Studio Version 16
VisualStudioVersion = 16.0.29025.244
MinimumVisualStudioVersion = 10.0.40219.1
Project("{FAE04EC0-301F-11D3-BF4B-00C04F79EFBC}") = "RSA", "RSA.csproj", "{DFD219BF-608E-4ED1-B64A-9512798BD3A7}"
EndProject
Global
	GlobalSection(SolutionConfigurationPlatforms) = preSolution
		Debug|Any CPU = Debug|Any CPU
		Release|Any CPU = Release|Any CPU
	EndGlobalSection
	GlobalSection(ProjectConfigurationPlatforms) = postSolution
		{DFD219BF-608E-4ED1-B64A-9512798BD3A7}.Debug|Any CPU.ActiveCfg = Debug|Any CPU
		{DFD219BF-608E-4ED1-B64A-9512798BD3A7}.Debug|Any CPU.Build.0 = Debug|Any CPU
		{DFD219BF-608E-4ED1-B64A-9512798BD3A7}.Release|Any CPU.ActiveCfg = Release|Any CPU
		{DFD219BF-608E-4ED1-B64A-9512798BD3A7}.Release|Any CPU.Build.0 = Release|Any CPU
	EndGlobalSection
	GlobalSection(SolutionProperties) = preSolution
		HideSolutionNode = FALSE
	EndGlobalSection
	GlobalSection(ExtensibilityGlobals) = postSolution
		SolutionGuid = {3CDF8F83-7AA3-48AD-9448-DF41BCB9BCE6}
	EndGlobalSection
EndGlobal
